// !$*UTF8*$!
{
	archiveVersion = 1;
	classes = {
	};
	objectVersion = 56;
	objects = {

/* Begin PBXBuildFile section */
		91F21F612E265F9800C2B98E /* AppDelegate.swift in Sources */ = {isa = PBXBuildFile; fileRef = 91F21F602E265F9800C2B98E /* AppDelegate.swift */; };
		91F21F632E265F9800C2B98E /* SceneDelegate.swift in Sources */ = {isa = PBXBuildFile; fileRef = 91F21F622E265F9800C2B98E /* SceneDelegate.swift */; };
		91F21F652E265F9800C2B98E /* LoginScreenViewController.swift in Sources */ = {isa = PBXBuildFile; fileRef = 91F21F642E265F9800C2B98E /* LoginScreenViewController.swift */; };
		91F21F6A2E265F9A00C2B98E /* Assets.xcassets in Resources */ = {isa = PBXBuildFile; fileRef = 91F21F692E265F9A00C2B98E /* Assets.xcassets */; };
		91F21F6D2E265F9A00C2B98E /* Base in Resources */ = {isa = PBXBuildFile; fileRef = 91F21F6C2E265F9A00C2B98E /* Base */; };
		91F21F7D2E2664AC00C2B98E /* LoginScreenInteractor.swift in Sources */ = {isa = PBXBuildFile; fileRef = 91F21F7C2E2664AB00C2B98E /* LoginScreenInteractor.swift */; };
		91F21F7F2E2664B600C2B98E /* LoginScreenPresenter.swift in Sources */ = {isa = PBXBuildFile; fileRef = 91F21F7E2E2664B600C2B98E /* LoginScreenPresenter.swift */; };
		91F21F812E2664C300C2B98E /* LoginScreenModel.swift in Sources */ = {isa = PBXBuildFile; fileRef = 91F21F802E2664C300C2B98E /* LoginScreenModel.swift */; };
		91F21F832E2666CB00C2B98E /* ICoordinator.swift in Sources */ = {isa = PBXBuildFile; fileRef = 91F21F822E2666CB00C2B98E /* ICoordinator.swift */; };
		91F21F852E2666F800C2B98E /* AppCoordinator.swift in Sources */ = {isa = PBXBuildFile; fileRef = 91F21F842E2666F800C2B98E /* AppCoordinator.swift */; };
		91F21F872E26675000C2B98E /* MainCoordinator.swift in Sources */ = {isa = PBXBuildFile; fileRef = 91F21F862E26675000C2B98E /* MainCoordinator.swift */; };
		91F21F892E2667CD00C2B98E /* LoginScreenAssembler.swift in Sources */ = {isa = PBXBuildFile; fileRef = 91F21F882E2667CD00C2B98E /* LoginScreenAssembler.swift */; };
		91F21F8C2E266A7000C2B98E /* SnapKit in Frameworks */ = {isa = PBXBuildFile; productRef = 91F21F8B2E266A7000C2B98E /* SnapKit */; };
		91F21F932E26A4C400C2B98E /* MainScreenViewController.swift in Sources */ = {isa = PBXBuildFile; fileRef = 91F21F922E26A4C400C2B98E /* MainScreenViewController.swift */; };
		91F21F952E26A82A00C2B98E /* MainScreenInteractor.swift in Sources */ = {isa = PBXBuildFile; fileRef = 91F21F942E26A82A00C2B98E /* MainScreenInteractor.swift */; };
		91F21F972E26A89500C2B98E /* MainScreenPresenter.swift in Sources */ = {isa = PBXBuildFile; fileRef = 91F21F962E26A89500C2B98E /* MainScreenPresenter.swift */; };
		91F21F992E26A8FD00C2B98E /* MainScreenModel.swift in Sources */ = {isa = PBXBuildFile; fileRef = 91F21F982E26A8FD00C2B98E /* MainScreenModel.swift */; };
		91F21F9B2E26A90800C2B98E /* MainScreenAssembler.swift in Sources */ = {isa = PBXBuildFile; fileRef = 91F21F9A2E26A90800C2B98E /* MainScreenAssembler.swift */; };
		91F21F9D2E26AAF000C2B98E /* TabBarController.swift in Sources */ = {isa = PBXBuildFile; fileRef = 91F21F9C2E26AAF000C2B98E /* TabBarController.swift */; };
		91F21F9F2E26AB3700C2B98E /* NetworkManager.swift in Sources */ = {isa = PBXBuildFile; fileRef = 91F21F9E2E26AB3600C2B98E /* NetworkManager.swift */; };
		91F21FA12E27EDD000C2B98E /* CurrencyTableViewCell.swift in Sources */ = {isa = PBXBuildFile; fileRef = 91F21FA02E27EDD000C2B98E /* CurrencyTableViewCell.swift */; };
/* End PBXBuildFile section */

/* Begin PBXCopyFilesBuildPhase section */
		91F21F902E266D0800C2B98E /* Embed Frameworks */ = {
			isa = PBXCopyFilesBuildPhase;
			buildActionMask = 2147483647;
			dstPath = "";
			dstSubfolderSpec = 10;
			files = (
			);
			name = "Embed Frameworks";
			runOnlyForDeploymentPostprocessing = 0;
		};
/* End PBXCopyFilesBuildPhase section */

/* Begin PBXFileReference section */
		91F21F5D2E265F9800C2B98E /* CryptoKeeper.app */ = {isa = PBXFileReference; explicitFileType = wrapper.application; includeInIndex = 0; path = CryptoKeeper.app; sourceTree = BUILT_PRODUCTS_DIR; };
		91F21F602E265F9800C2B98E /* AppDelegate.swift */ = {isa = PBXFileReference; lastKnownFileType = sourcecode.swift; path = AppDelegate.swift; sourceTree = "<group>"; };
		91F21F622E265F9800C2B98E /* SceneDelegate.swift */ = {isa = PBXFileReference; lastKnownFileType = sourcecode.swift; path = SceneDelegate.swift; sourceTree = "<group>"; };
		91F21F642E265F9800C2B98E /* LoginScreenViewController.swift */ = {isa = PBXFileReference; lastKnownFileType = sourcecode.swift; path = LoginScreenViewController.swift; sourceTree = "<group>"; };
		91F21F692E265F9A00C2B98E /* Assets.xcassets */ = {isa = PBXFileReference; lastKnownFileType = folder.assetcatalog; path = Assets.xcassets; sourceTree = "<group>"; };
		91F21F6C2E265F9A00C2B98E /* Base */ = {isa = PBXFileReference; lastKnownFileType = file.storyboard; name = Base; path = Base.lproj/LaunchScreen.storyboard; sourceTree = "<group>"; };
		91F21F6E2E265F9A00C2B98E /* Info.plist */ = {isa = PBXFileReference; lastKnownFileType = text.plist.xml; path = Info.plist; sourceTree = "<group>"; };
		91F21F7C2E2664AB00C2B98E /* LoginScreenInteractor.swift */ = {isa = PBXFileReference; lastKnownFileType = sourcecode.swift; path = LoginScreenInteractor.swift; sourceTree = "<group>"; };
		91F21F7E2E2664B600C2B98E /* LoginScreenPresenter.swift */ = {isa = PBXFileReference; lastKnownFileType = sourcecode.swift; path = LoginScreenPresenter.swift; sourceTree = "<group>"; };
		91F21F802E2664C300C2B98E /* LoginScreenModel.swift */ = {isa = PBXFileReference; lastKnownFileType = sourcecode.swift; path = LoginScreenModel.swift; sourceTree = "<group>"; };
		91F21F822E2666CB00C2B98E /* ICoordinator.swift */ = {isa = PBXFileReference; lastKnownFileType = sourcecode.swift; path = ICoordinator.swift; sourceTree = "<group>"; };
		91F21F842E2666F800C2B98E /* AppCoordinator.swift */ = {isa = PBXFileReference; lastKnownFileType = sourcecode.swift; path = AppCoordinator.swift; sourceTree = "<group>"; };
		91F21F862E26675000C2B98E /* MainCoordinator.swift */ = {isa = PBXFileReference; lastKnownFileType = sourcecode.swift; path = MainCoordinator.swift; sourceTree = "<group>"; };
		91F21F882E2667CD00C2B98E /* LoginScreenAssembler.swift */ = {isa = PBXFileReference; lastKnownFileType = sourcecode.swift; path = LoginScreenAssembler.swift; sourceTree = "<group>"; };
		91F21F922E26A4C400C2B98E /* MainScreenViewController.swift */ = {isa = PBXFileReference; lastKnownFileType = sourcecode.swift; path = MainScreenViewController.swift; sourceTree = "<group>"; };
		91F21F942E26A82A00C2B98E /* MainScreenInteractor.swift */ = {isa = PBXFileReference; lastKnownFileType = sourcecode.swift; path = MainScreenInteractor.swift; sourceTree = "<group>"; };
		91F21F962E26A89500C2B98E /* MainScreenPresenter.swift */ = {isa = PBXFileReference; lastKnownFileType = sourcecode.swift; path = MainScreenPresenter.swift; sourceTree = "<group>"; };
		91F21F982E26A8FD00C2B98E /* MainScreenModel.swift */ = {isa = PBXFileReference; lastKnownFileType = sourcecode.swift; path = MainScreenModel.swift; sourceTree = "<group>"; };
		91F21F9A2E26A90800C2B98E /* MainScreenAssembler.swift */ = {isa = PBXFileReference; lastKnownFileType = sourcecode.swift; path = MainScreenAssembler.swift; sourceTree = "<group>"; };
		91F21F9C2E26AAF000C2B98E /* TabBarController.swift */ = {isa = PBXFileReference; lastKnownFileType = sourcecode.swift; path = TabBarController.swift; sourceTree = "<group>"; };
		91F21F9E2E26AB3600C2B98E /* NetworkManager.swift */ = {isa = PBXFileReference; lastKnownFileType = sourcecode.swift; path = NetworkManager.swift; sourceTree = "<group>"; };
		91F21FA02E27EDD000C2B98E /* CurrencyTableViewCell.swift */ = {isa = PBXFileReference; lastKnownFileType = sourcecode.swift; path = CurrencyTableViewCell.swift; sourceTree = "<group>"; };
/* End PBXFileReference section */

/* Begin PBXFrameworksBuildPhase section */
		91F21F5A2E265F9800C2B98E /* Frameworks */ = {
			isa = PBXFrameworksBuildPhase;
			buildActionMask = 2147483647;
			files = (
				91F21F8C2E266A7000C2B98E /* SnapKit in Frameworks */,
			);
			runOnlyForDeploymentPostprocessing = 0;
		};
/* End PBXFrameworksBuildPhase section */

/* Begin PBXGroup section */
		91F21F542E265F9800C2B98E = {
			isa = PBXGroup;
			children = (
				91F21F5F2E265F9800C2B98E /* CryptoKeeper */,
				91F21F5E2E265F9800C2B98E /* Products */,
			);
			sourceTree = "<group>";
		};
		91F21F5E2E265F9800C2B98E /* Products */ = {
			isa = PBXGroup;
			children = (
				91F21F5D2E265F9800C2B98E /* CryptoKeeper.app */,
			);
			name = Products;
			sourceTree = "<group>";
		};
		91F21F5F2E265F9800C2B98E /* CryptoKeeper */ = {
			isa = PBXGroup;
			children = (
				91F21F772E2661C200C2B98E /* Entities */,
				91F21F762E2661B300C2B98E /* Resourcers */,
				91F21F752E2661A500C2B98E /* Sources */,
				91F21F742E26619700C2B98E /* Scenes */,
			);
			path = CryptoKeeper;
			sourceTree = "<group>";
		};
		91F21F742E26619700C2B98E /* Scenes */ = {
			isa = PBXGroup;
			children = (
				91F21F912E26A4B000C2B98E /* MainScreen */,
				91F21F7B2E26646900C2B98E /* LoginScreen */,
				91F21F9C2E26AAF000C2B98E /* TabBarController.swift */,
			);
			path = Scenes;
			sourceTree = "<group>";
		};
		91F21F752E2661A500C2B98E /* Sources */ = {
			isa = PBXGroup;
			children = (
				91F21F792E26629300C2B98E /* Coordinators */,
				91F21F622E265F9800C2B98E /* SceneDelegate.swift */,
				91F21F602E265F9800C2B98E /* AppDelegate.swift */,
			);
			path = Sources;
			sourceTree = "<group>";
		};
		91F21F762E2661B300C2B98E /* Resourcers */ = {
			isa = PBXGroup;
			children = (
				91F21F6E2E265F9A00C2B98E /* Info.plist */,
				91F21F6B2E265F9A00C2B98E /* LaunchScreen.storyboard */,
				91F21F692E265F9A00C2B98E /* Assets.xcassets */,
			);
			path = Resourcers;
			sourceTree = "<group>";
		};
		91F21F772E2661C200C2B98E /* Entities */ = {
			isa = PBXGroup;
			children = (
				91F21F9E2E26AB3600C2B98E /* NetworkManager.swift */,
			);
			path = Entities;
			sourceTree = "<group>";
		};
		91F21F792E26629300C2B98E /* Coordinators */ = {
			isa = PBXGroup;
			children = (
				91F21F7A2E26629F00C2B98E /* Common */,
				91F21F842E2666F800C2B98E /* AppCoordinator.swift */,
				91F21F862E26675000C2B98E /* MainCoordinator.swift */,
			);
			path = Coordinators;
			sourceTree = "<group>";
		};
		91F21F7A2E26629F00C2B98E /* Common */ = {
			isa = PBXGroup;
			children = (
				91F21F822E2666CB00C2B98E /* ICoordinator.swift */,
			);
			path = Common;
			sourceTree = "<group>";
		};
		91F21F7B2E26646900C2B98E /* LoginScreen */ = {
			isa = PBXGroup;
			children = (
				91F21F642E265F9800C2B98E /* LoginScreenViewController.swift */,
				91F21F7C2E2664AB00C2B98E /* LoginScreenInteractor.swift */,
				91F21F7E2E2664B600C2B98E /* LoginScreenPresenter.swift */,
				91F21F802E2664C300C2B98E /* LoginScreenModel.swift */,
				91F21F882E2667CD00C2B98E /* LoginScreenAssembler.swift */,
			);
			path = LoginScreen;
			sourceTree = "<group>";
		};
		91F21F912E26A4B000C2B98E /* MainScreen */ = {
			isa = PBXGroup;
			children = (
				91F21F922E26A4C400C2B98E /* MainScreenViewController.swift */,
				91F21F942E26A82A00C2B98E /* MainScreenInteractor.swift */,
				91F21F962E26A89500C2B98E /* MainScreenPresenter.swift */,
				91F21F982E26A8FD00C2B98E /* MainScreenModel.swift */,
				91F21F9A2E26A90800C2B98E /* MainScreenAssembler.swift */,
				91F21FA02E27EDD000C2B98E /* CurrencyTableViewCell.swift */,
			);
			path = MainScreen;
			sourceTree = "<group>";
		};
/* End PBXGroup section */

/* Begin PBXNativeTarget section */
		91F21F5C2E265F9800C2B98E /* CryptoKeeper */ = {
			isa = PBXNativeTarget;
			buildConfigurationList = 91F21F712E265F9A00C2B98E /* Build configuration list for PBXNativeTarget "CryptoKeeper" */;
			buildPhases = (
				91F21F592E265F9800C2B98E /* Sources */,
				91F21F5A2E265F9800C2B98E /* Frameworks */,
				91F21F5B2E265F9800C2B98E /* Resources */,
				91F21F902E266D0800C2B98E /* Embed Frameworks */,
			);
			buildRules = (
			);
			dependencies = (
			);
			name = CryptoKeeper;
			packageProductDependencies = (
				91F21F8B2E266A7000C2B98E /* SnapKit */,
			);
			productName = CryptoKeeper;
			productReference = 91F21F5D2E265F9800C2B98E /* CryptoKeeper.app */;
			productType = "com.apple.product-type.application";
		};
/* End PBXNativeTarget section */

/* Begin PBXProject section */
		91F21F552E265F9800C2B98E /* Project object */ = {
			isa = PBXProject;
			attributes = {
				BuildIndependentTargetsInParallel = 1;
				LastSwiftUpdateCheck = 1540;
				LastUpgradeCheck = 1540;
				TargetAttributes = {
					91F21F5C2E265F9800C2B98E = {
						CreatedOnToolsVersion = 15.4;
					};
				};
			};
			buildConfigurationList = 91F21F582E265F9800C2B98E /* Build configuration list for PBXProject "CryptoKeeper" */;
			compatibilityVersion = "Xcode 14.0";
			developmentRegion = en;
			hasScannedForEncodings = 0;
			knownRegions = (
				en,
				Base,
			);
			mainGroup = 91F21F542E265F9800C2B98E;
			packageReferences = (
				91F21F8A2E266A7000C2B98E /* XCRemoteSwiftPackageReference "SnapKit" */,
			);
			productRefGroup = 91F21F5E2E265F9800C2B98E /* Products */;
			projectDirPath = "";
			projectRoot = "";
			targets = (
				91F21F5C2E265F9800C2B98E /* CryptoKeeper */,
			);
		};
/* End PBXProject section */

/* Begin PBXResourcesBuildPhase section */
		91F21F5B2E265F9800C2B98E /* Resources */ = {
			isa = PBXResourcesBuildPhase;
			buildActionMask = 2147483647;
			files = (
				91F21F6A2E265F9A00C2B98E /* Assets.xcassets in Resources */,
				91F21F6D2E265F9A00C2B98E /* Base in Resources */,
			);
			runOnlyForDeploymentPostprocessing = 0;
		};
/* End PBXResourcesBuildPhase section */

/* Begin PBXSourcesBuildPhase section */
		91F21F592E265F9800C2B98E /* Sources */ = {
			isa = PBXSourcesBuildPhase;
			buildActionMask = 2147483647;
			files = (
				91F21F652E265F9800C2B98E /* LoginScreenViewController.swift in Sources */,
				91F21F9D2E26AAF000C2B98E /* TabBarController.swift in Sources */,
				91F21F812E2664C300C2B98E /* LoginScreenModel.swift in Sources */,
				91F21F612E265F9800C2B98E /* AppDelegate.swift in Sources */,
				91F21F7F2E2664B600C2B98E /* LoginScreenPresenter.swift in Sources */,
				91F21F892E2667CD00C2B98E /* LoginScreenAssembler.swift in Sources */,
				91F21F952E26A82A00C2B98E /* MainScreenInteractor.swift in Sources */,
				91F21F852E2666F800C2B98E /* AppCoordinator.swift in Sources */,
				91F21F7D2E2664AC00C2B98E /* LoginScreenInteractor.swift in Sources */,
				91F21F992E26A8FD00C2B98E /* MainScreenModel.swift in Sources */,
				91F21F9F2E26AB3700C2B98E /* NetworkManager.swift in Sources */,
				91F21F632E265F9800C2B98E /* SceneDelegate.swift in Sources */,
				91F21F932E26A4C400C2B98E /* MainScreenViewController.swift in Sources */,
				91F21F872E26675000C2B98E /* MainCoordinator.swift in Sources */,
				91F21F972E26A89500C2B98E /* MainScreenPresenter.swift in Sources */,
				91F21F9B2E26A90800C2B98E /* MainScreenAssembler.swift in Sources */,
				91F21FA12E27EDD000C2B98E /* CurrencyTableViewCell.swift in Sources */,
				91F21F832E2666CB00C2B98E /* ICoordinator.swift in Sources */,
			);
			runOnlyForDeploymentPostprocessing = 0;
		};
/* End PBXSourcesBuildPhase section */

/* Begin PBXVariantGroup section */
		91F21F6B2E265F9A00C2B98E /* LaunchScreen.storyboard */ = {
			isa = PBXVariantGroup;
			children = (
				91F21F6C2E265F9A00C2B98E /* Base */,
			);
			name = LaunchScreen.storyboard;
			sourceTree = "<group>";
		};
/* End PBXVariantGroup section */

/* Begin XCBuildConfiguration section */
		91F21F6F2E265F9A00C2B98E /* Debug */ = {
			isa = XCBuildConfiguration;
			buildSettings = {
				ALWAYS_SEARCH_USER_PATHS = NO;
				ASSETCATALOG_COMPILER_GENERATE_SWIFT_ASSET_SYMBOL_EXTENSIONS = YES;
				CLANG_ANALYZER_NONNULL = YES;
				CLANG_ANALYZER_NUMBER_OBJECT_CONVERSION = YES_AGGRESSIVE;
				CLANG_CXX_LANGUAGE_STANDARD = "gnu++20";
				CLANG_ENABLE_MODULES = YES;
				CLANG_ENABLE_OBJC_ARC = YES;
				CLANG_ENABLE_OBJC_WEAK = YES;
				CLANG_WARN_BLOCK_CAPTURE_AUTORELEASING = YES;
				CLANG_WARN_BOOL_CONVERSION = YES;
				CLANG_WARN_COMMA = YES;
				CLANG_WARN_CONSTANT_CONVERSION = YES;
				CLANG_WARN_DEPRECATED_OBJC_IMPLEMENTATIONS = YES;
				CLANG_WARN_DIRECT_OBJC_ISA_USAGE = YES_ERROR;
				CLANG_WARN_DOCUMENTATION_COMMENTS = YES;
				CLANG_WARN_EMPTY_BODY = YES;
				CLANG_WARN_ENUM_CONVERSION = YES;
				CLANG_WARN_INFINITE_RECURSION = YES;
				CLANG_WARN_INT_CONVERSION = YES;
				CLANG_WARN_NON_LITERAL_NULL_CONVERSION = YES;
				CLANG_WARN_OBJC_IMPLICIT_RETAIN_SELF = YES;
				CLANG_WARN_OBJC_LITERAL_CONVERSION = YES;
				CLANG_WARN_OBJC_ROOT_CLASS = YES_ERROR;
				CLANG_WARN_QUOTED_INCLUDE_IN_FRAMEWORK_HEADER = YES;
				CLANG_WARN_RANGE_LOOP_ANALYSIS = YES;
				CLANG_WARN_STRICT_PROTOTYPES = YES;
				CLANG_WARN_SUSPICIOUS_MOVE = YES;
				CLANG_WARN_UNGUARDED_AVAILABILITY = YES_AGGRESSIVE;
				CLANG_WARN_UNREACHABLE_CODE = YES;
				CLANG_WARN__DUPLICATE_METHOD_MATCH = YES;
				COPY_PHASE_STRIP = NO;
				DEBUG_INFORMATION_FORMAT = dwarf;
				ENABLE_STRICT_OBJC_MSGSEND = YES;
				ENABLE_TESTABILITY = YES;
				ENABLE_USER_SCRIPT_SANDBOXING = YES;
				GCC_C_LANGUAGE_STANDARD = gnu17;
				GCC_DYNAMIC_NO_PIC = NO;
				GCC_NO_COMMON_BLOCKS = YES;
				GCC_OPTIMIZATION_LEVEL = 0;
				GCC_PREPROCESSOR_DEFINITIONS = (
					"DEBUG=1",
					"$(inherited)",
				);
				GCC_WARN_64_TO_32_BIT_CONVERSION = YES;
				GCC_WARN_ABOUT_RETURN_TYPE = YES_ERROR;
				GCC_WARN_UNDECLARED_SELECTOR = YES;
				GCC_WARN_UNINITIALIZED_AUTOS = YES_AGGRESSIVE;
				GCC_WARN_UNUSED_FUNCTION = YES;
				GCC_WARN_UNUSED_VARIABLE = YES;
				IPHONEOS_DEPLOYMENT_TARGET = 17.5;
				LOCALIZATION_PREFERS_STRING_CATALOGS = YES;
				MTL_ENABLE_DEBUG_INFO = INCLUDE_SOURCE;
				MTL_FAST_MATH = YES;
				ONLY_ACTIVE_ARCH = YES;
				SDKROOT = iphoneos;
				SWIFT_ACTIVE_COMPILATION_CONDITIONS = "DEBUG $(inherited)";
				SWIFT_OPTIMIZATION_LEVEL = "-Onone";
			};
			name = Debug;
		};
		91F21F702E265F9A00C2B98E /* Release */ = {
			isa = XCBuildConfiguration;
			buildSettings = {
				ALWAYS_SEARCH_USER_PATHS = NO;
				ASSETCATALOG_COMPILER_GENERATE_SWIFT_ASSET_SYMBOL_EXTENSIONS = YES;
				CLANG_ANALYZER_NONNULL = YES;
				CLANG_ANALYZER_NUMBER_OBJECT_CONVERSION = YES_AGGRESSIVE;
				CLANG_CXX_LANGUAGE_STANDARD = "gnu++20";
				CLANG_ENABLE_MODULES = YES;
				CLANG_ENABLE_OBJC_ARC = YES;
				CLANG_ENABLE_OBJC_WEAK = YES;
				CLANG_WARN_BLOCK_CAPTURE_AUTORELEASING = YES;
				CLANG_WARN_BOOL_CONVERSION = YES;
				CLANG_WARN_COMMA = YES;
				CLANG_WARN_CONSTANT_CONVERSION = YES;
				CLANG_WARN_DEPRECATED_OBJC_IMPLEMENTATIONS = YES;
				CLANG_WARN_DIRECT_OBJC_ISA_USAGE = YES_ERROR;
				CLANG_WARN_DOCUMENTATION_COMMENTS = YES;
				CLANG_WARN_EMPTY_BODY = YES;
				CLANG_WARN_ENUM_CONVERSION = YES;
				CLANG_WARN_INFINITE_RECURSION = YES;
				CLANG_WARN_INT_CONVERSION = YES;
				CLANG_WARN_NON_LITERAL_NULL_CONVERSION = YES;
				CLANG_WARN_OBJC_IMPLICIT_RETAIN_SELF = YES;
				CLANG_WARN_OBJC_LITERAL_CONVERSION = YES;
				CLANG_WARN_OBJC_ROOT_CLASS = YES_ERROR;
				CLANG_WARN_QUOTED_INCLUDE_IN_FRAMEWORK_HEADER = YES;
				CLANG_WARN_RANGE_LOOP_ANALYSIS = YES;
				CLANG_WARN_STRICT_PROTOTYPES = YES;
				CLANG_WARN_SUSPICIOUS_MOVE = YES;
				CLANG_WARN_UNGUARDED_AVAILABILITY = YES_AGGRESSIVE;
				CLANG_WARN_UNREACHABLE_CODE = YES;
				CLANG_WARN__DUPLICATE_METHOD_MATCH = YES;
				COPY_PHASE_STRIP = NO;
				DEBUG_INFORMATION_FORMAT = "dwarf-with-dsym";
				ENABLE_NS_ASSERTIONS = NO;
				ENABLE_STRICT_OBJC_MSGSEND = YES;
				ENABLE_USER_SCRIPT_SANDBOXING = YES;
				GCC_C_LANGUAGE_STANDARD = gnu17;
				GCC_NO_COMMON_BLOCKS = YES;
				GCC_WARN_64_TO_32_BIT_CONVERSION = YES;
				GCC_WARN_ABOUT_RETURN_TYPE = YES_ERROR;
				GCC_WARN_UNDECLARED_SELECTOR = YES;
				GCC_WARN_UNINITIALIZED_AUTOS = YES_AGGRESSIVE;
				GCC_WARN_UNUSED_FUNCTION = YES;
				GCC_WARN_UNUSED_VARIABLE = YES;
				IPHONEOS_DEPLOYMENT_TARGET = 17.5;
				LOCALIZATION_PREFERS_STRING_CATALOGS = YES;
				MTL_ENABLE_DEBUG_INFO = NO;
				MTL_FAST_MATH = YES;
				SDKROOT = iphoneos;
				SWIFT_COMPILATION_MODE = wholemodule;
				VALIDATE_PRODUCT = YES;
			};
			name = Release;
		};
		91F21F722E265F9A00C2B98E /* Debug */ = {
			isa = XCBuildConfiguration;
			buildSettings = {
				ASSETCATALOG_COMPILER_APPICON_NAME = AppIcon;
				ASSETCATALOG_COMPILER_GLOBAL_ACCENT_COLOR_NAME = AccentColor;
				CODE_SIGN_STYLE = Automatic;
				CURRENT_PROJECT_VERSION = 1;
				DEVELOPMENT_TEAM = Q3W8P7J6DJ;
				GENERATE_INFOPLIST_FILE = YES;
				INFOPLIST_FILE = CryptoKeeper/Resourcers/Info.plist;
				INFOPLIST_KEY_LSApplicationCategoryType = "public.app-category.finance";
				INFOPLIST_KEY_UIApplicationSupportsIndirectInputEvents = YES;
				INFOPLIST_KEY_UILaunchStoryboardName = LaunchScreen;
				INFOPLIST_KEY_UISupportedInterfaceOrientations = UIInterfaceOrientationPortrait;
				INFOPLIST_KEY_UISupportedInterfaceOrientations_iPad = "UIInterfaceOrientationLandscapeLeft UIInterfaceOrientationLandscapeRight UIInterfaceOrientationPortrait UIInterfaceOrientationPortraitUpsideDown";
				LD_RUNPATH_SEARCH_PATHS = (
					"$(inherited)",
					"@executable_path/Frameworks",
				);
				MARKETING_VERSION = 1.0;
				PRODUCT_BUNDLE_IDENTIFIER = DreamTeam.CryptoKeeper;
				PRODUCT_NAME = "$(TARGET_NAME)";
				SUPPORTED_PLATFORMS = "iphoneos iphonesimulator";
				SUPPORTS_MACCATALYST = NO;
				SUPPORTS_MAC_DESIGNED_FOR_IPHONE_IPAD = NO;
				SUPPORTS_XR_DESIGNED_FOR_IPHONE_IPAD = NO;
				SWIFT_EMIT_LOC_STRINGS = YES;
				SWIFT_VERSION = 5.0;
				TARGETED_DEVICE_FAMILY = 1;
			};
			name = Debug;
		};
		91F21F732E265F9A00C2B98E /* Release */ = {
			isa = XCBuildConfiguration;
			buildSettings = {
				ASSETCATALOG_COMPILER_APPICON_NAME = AppIcon;
				ASSETCATALOG_COMPILER_GLOBAL_ACCENT_COLOR_NAME = AccentColor;
				CODE_SIGN_STYLE = Automatic;
				CURRENT_PROJECT_VERSION = 1;
				DEVELOPMENT_TEAM = Q3W8P7J6DJ;
				GENERATE_INFOPLIST_FILE = YES;
				INFOPLIST_FILE = CryptoKeeper/Resourcers/Info.plist;
				INFOPLIST_KEY_LSApplicationCategoryType = "public.app-category.finance";
				INFOPLIST_KEY_UIApplicationSupportsIndirectInputEvents = YES;
				INFOPLIST_KEY_UILaunchStoryboardName = LaunchScreen;
				INFOPLIST_KEY_UISupportedInterfaceOrientations = UIInterfaceOrientationPortrait;
				INFOPLIST_KEY_UISupportedInterfaceOrientations_iPad = "UIInterfaceOrientationLandscapeLeft UIInterfaceOrientationLandscapeRight UIInterfaceOrientationPortrait UIInterfaceOrientationPortraitUpsideDown";
				LD_RUNPATH_SEARCH_PATHS = (
					"$(inherited)",
					"@executable_path/Frameworks",
				);
				MARKETING_VERSION = 1.0;
				PRODUCT_BUNDLE_IDENTIFIER = DreamTeam.CryptoKeeper;
				PRODUCT_NAME = "$(TARGET_NAME)";
				SUPPORTED_PLATFORMS = "iphoneos iphonesimulator";
				SUPPORTS_MACCATALYST = NO;
				SUPPORTS_MAC_DESIGNED_FOR_IPHONE_IPAD = NO;
				SUPPORTS_XR_DESIGNED_FOR_IPHONE_IPAD = NO;
				SWIFT_EMIT_LOC_STRINGS = YES;
				SWIFT_VERSION = 5.0;
				TARGETED_DEVICE_FAMILY = 1;
			};
			name = Release;
		};
/* End XCBuildConfiguration section */

/* Begin XCConfigurationList section */
		91F21F582E265F9800C2B98E /* Build configuration list for PBXProject "CryptoKeeper" */ = {
			isa = XCConfigurationList;
			buildConfigurations = (
				91F21F6F2E265F9A00C2B98E /* Debug */,
				91F21F702E265F9A00C2B98E /* Release */,
			);
			defaultConfigurationIsVisible = 0;
			defaultConfigurationName = Release;
		};
		91F21F712E265F9A00C2B98E /* Build configuration list for PBXNativeTarget "CryptoKeeper" */ = {
			isa = XCConfigurationList;
			buildConfigurations = (
				91F21F722E265F9A00C2B98E /* Debug */,
				91F21F732E265F9A00C2B98E /* Release */,
			);
			defaultConfigurationIsVisible = 0;
			defaultConfigurationName = Release;
		};
/* End XCConfigurationList section */

/* Begin XCRemoteSwiftPackageReference section */
		91F21F8A2E266A7000C2B98E /* XCRemoteSwiftPackageReference "SnapKit" */ = {
			isa = XCRemoteSwiftPackageReference;
			repositoryURL = "https://github.com/SnapKit/SnapKit.git";
			requirement = {
				kind = upToNextMajorVersion;
				minimumVersion = 5.7.1;
			};
		};
/* End XCRemoteSwiftPackageReference section */

/* Begin XCSwiftPackageProductDependency section */
		91F21F8B2E266A7000C2B98E /* SnapKit */ = {
			isa = XCSwiftPackageProductDependency;
			package = 91F21F8A2E266A7000C2B98E /* XCRemoteSwiftPackageReference "SnapKit" */;
			productName = SnapKit;
		};
/* End XCSwiftPackageProductDependency section */
	};
	rootObject = 91F21F552E265F9800C2B98E /* Project object */;
}
